
Microsoft Visual Studio Solution File, Format Version 12.00
# Visual Studio Version 16
VisualStudioVersion = 16.0.29306.81
MinimumVisualStudioVersion = 10.0.40219.1
Project("{FAE04EC0-301F-11D3-BF4B-00C04F79EFBC}") = "Practica_1", "Practica_1\Practica_1.csproj", "{867B6E69-BEA9-46F6-896B-DDCF4CBDF057}"
EndProject
Global
	GlobalSection(SolutionConfigurationPlatforms) = preSolution
		Debug|Any CPU = Debug|Any CPU
		Release|Any CPU = Release|Any CPU
	EndGlobalSection
	GlobalSection(ProjectConfigurationPlatforms) = postSolution
		{867B6E69-BEA9-46F6-896B-DDCF4CBDF057}.Debug|Any CPU.ActiveCfg = Debug|Any CPU
		{867B6E69-BEA9-46F6-896B-DDCF4CBDF057}.Debug|Any CPU.Build.0 = Debug|Any CPU
		{867B6E69-BEA9-46F6-896B-DDCF4CBDF057}.Release|Any CPU.ActiveCfg = Release|Any CPU
		{867B6E69-BEA9-46F6-896B-DDCF4CBDF057}.Release|Any CPU.Build.0 = Release|Any CPU
	EndGlobalSection
	GlobalSection(SolutionProperties) = preSolution
		HideSolutionNode = FALSE
	EndGlobalSection
	GlobalSection(ExtensibilityGlobals) = postSolution
		SolutionGuid = {2891C6E6-9D2A-48CE-BEC4-C9B95A4BE37C}
	EndGlobalSection
EndGlobal
